# THIS IS AN AUTOGENERATED FILE. DO NOT EDIT THIS FILE DIRECTLY.
# yarn lockfile v1


abab@^1.0.0:
  version "1.0.4"
  resolved "https://npm.staging.nxdev.nl/abab/-/abab-1.0.4.tgz#5faad9c2c07f60dd76770f71cf025b62a63cfd4e"
  integrity sha1-X6rZwsB/YN12dw9xzwJbYqY8/U4=

acorn-globals@^1.0.4:
  version "1.0.9"
  resolved "https://npm.staging.nxdev.nl/acorn-globals/-/acorn-globals-1.0.9.tgz#55bb5e98691507b74579d0513413217c380c54cf"
  integrity sha1-VbtemGkVB7dFedBRNBMhfDgMVM8=
  dependencies:
    acorn "^2.1.0"

acorn@^2.1.0, acorn@^2.4.0:
  version "2.7.0"
  resolved "https://npm.staging.nxdev.nl/acorn/-/acorn-2.7.0.tgz#ab6e7d9d886aaca8b085bc3312b79a198433f0e7"
  integrity sha1-q259nYhqrKiwhbwzEreaGYQz8Oc=

ajv@^6.5.5:
  version "6.10.2"
  resolved "https://npm.staging.nxdev.nl/ajv/-/ajv-6.10.2.tgz#d3cea04d6b017b2894ad69040fec8b623eb4bd52"
  integrity sha512-TXtUUEYHuaTEbLZWIKUr5pmBuhDLy+8KYtPYdcV8qC+pOZL+NKqYwvWSRrVXHn+ZmRRAu8vJTAznH7Oag6RVRw==
  dependencies:
    fast-deep-equal "^2.0.1"
    fast-json-stable-stringify "^2.0.0"
    json-schema-traverse "^0.4.1"
    uri-js "^4.2.2"

any-promise@^1.3.0:
  version "1.3.0"
  resolved "https://npm.staging.nxdev.nl/any-promise/-/any-promise-1.3.0.tgz#abc6afeedcea52e809cdc0376aed3ce39635d17f"
  integrity sha1-q8av7tzqUugJzcA3au0845Y10X8=

arrify@^1.0.0:
  version "1.0.1"
  resolved "https://npm.staging.nxdev.nl/arrify/-/arrify-1.0.1.tgz#898508da2226f380df904728456849c1501a4b0d"
  integrity sha1-iYUI2iIm84DfkEcoRWhJwVAaSw0=

asn1@~0.2.3:
  version "0.2.4"
  resolved "https://npm.staging.nxdev.nl/asn1/-/asn1-0.2.4.tgz#8d2475dfab553bb33e77b54e59e880bb8ce23136"
  integrity sha512-jxwzQpLQjSmWXgwaCZE9Nz+glAG01yF1QnWgbhGwHI5A6FRIEY6IVqtHhIepHqI7/kyEyQEagBC5mBEFlIYvdg==
  dependencies:
    safer-buffer "~2.1.0"

assert-plus@1.0.0, assert-plus@^1.0.0:
  version "1.0.0"
  resolved "https://npm.staging.nxdev.nl/assert-plus/-/assert-plus-1.0.0.tgz#f12e0f3c5d77b0b1cdd9146942e4e96c1e4dd525"
  integrity sha1-8S4PPF13sLHN2RRpQuTpbB5N1SU=

async@~0.9.0:
  version "0.9.2"
  resolved "https://npm.staging.nxdev.nl/async/-/async-0.9.2.tgz#aea74d5e61c1f899613bf64bda66d4c78f2fd17d"
  integrity sha1-rqdNXmHB+JlhO/ZL2mbUx48v0X0=

asynckit@^0.4.0:
  version "0.4.0"
  resolved "https://npm.staging.nxdev.nl/asynckit/-/asynckit-0.4.0.tgz#c79ed97f7f34cb8f2ba1bc9790bcc366474b4b79"
  integrity sha1-x57Zf380y48robyXkLzDZkdLS3k=

aws-sign2@~0.7.0:
  version "0.7.0"
  resolved "https://npm.staging.nxdev.nl/aws-sign2/-/aws-sign2-0.7.0.tgz#b46e890934a9591f2d2f6f86d7e6a9f1b3fe76a8"
  integrity sha1-tG6JCTSpWR8tL2+G1+ap8bP+dqg=

aws4@^1.8.0:
  version "1.8.0"
  resolved "https://npm.staging.nxdev.nl/aws4/-/aws4-1.8.0.tgz#f0e003d9ca9e7f59c7a508945d7b2ef9a04a542f"
  integrity sha512-ReZxvNHIOv88FlT7rxcXIIC0fPt4KZqZbOlivyWtXLt8ESx84zd3kMC6iK5jVeS2qt+g7ftS7ye4fi06X5rtRQ==

basic-auth@~2.0.1:
  version "2.0.1"
  resolved "https://registry.yarnpkg.com/basic-auth/-/basic-auth-2.0.1.tgz#b998279bf47ce38344b4f3cf916d4679bbf51e3a"
  integrity sha512-NF+epuEdnUYVlGuhaxbbq+dvJttwLnGY+YixlXlME5KpQ5W3CnXA5cVTneY3SPbPDRkcjMbifrwmFYcClgOZeg==
  dependencies:
    safe-buffer "5.1.2"

bcrypt-pbkdf@^1.0.0:
  version "1.0.2"
  resolved "https://npm.staging.nxdev.nl/bcrypt-pbkdf/-/bcrypt-pbkdf-1.0.2.tgz#a4301d389b6a43f9b67ff3ca11a3f6637e360e9e"
  integrity sha1-pDAdOJtqQ/m2f/PKEaP2Y342Dp4=
  dependencies:
    tweetnacl "^0.14.3"

boolbase@~1.0.0:
  version "1.0.0"
  resolved "https://npm.staging.nxdev.nl/boolbase/-/boolbase-1.0.0.tgz#68dff5fbe60c51eb37725ea9e3ed310dcc1e776e"
  integrity sha1-aN/1++YMUes3cl6p4+0xDcwed24=

buffer-from@^1.0.0:
  version "1.1.1"
  resolved "https://npm.staging.nxdev.nl/buffer-from/-/buffer-from-1.1.1.tgz#32713bc028f75c02fdb710d7c7bcec1f2c6070ef"
  integrity sha512-MQcXEUbCKtEo7bhqEs6560Hyd4XaovZlO/k9V3hjVUF/zwW7KBVdSK4gIt/bzwS9MbR5qob+F5jusZsb0YQK2A==

caseless@~0.12.0:
  version "0.12.0"
  resolved "https://npm.staging.nxdev.nl/caseless/-/caseless-0.12.0.tgz#1b681c21ff84033c826543090689420d187151dc"
  integrity sha1-G2gcIf+EAzyCZUMJBolCDRhxUdw=

cheerio@^0.20.0:
  version "0.20.0"
  resolved "https://npm.staging.nxdev.nl/cheerio/-/cheerio-0.20.0.tgz#5c710f2bab95653272842ba01c6ea61b3545ec35"
  integrity sha1-XHEPK6uVZTJyhCugHG6mGzVF7DU=
  dependencies:
    css-select "~1.2.0"
    dom-serializer "~0.1.0"
    entities "~1.1.1"
    htmlparser2 "~3.8.1"
    lodash "^4.1.0"
  optionalDependencies:
    jsdom "^7.0.2"

chrono-node@^1.2.3:
  version "1.3.11"
  resolved "https://npm.staging.nxdev.nl/chrono-node/-/chrono-node-1.3.11.tgz#b86a26b7e3157edcc4fe3374e1b6f90caedc8e39"
  integrity sha512-jDWRnY6nYvzfV3HPYBqo+tot7tcsUs9i3arGbMdI0TouPSXP2C2y/Ctp27rxKTQDi6yuTxAB2cw+Q6igGhOhdQ==
  dependencies:
    moment "2.21.0"

combined-stream@^1.0.6, combined-stream@~1.0.6:
  version "1.0.8"
  resolved "https://npm.staging.nxdev.nl/combined-stream/-/combined-stream-1.0.8.tgz#c3d45a8b34fd730631a110a8a2520682b31d5a7f"
  integrity sha512-FQN4MRfuJeHf7cBbBMJFXhKSDq+2kAArBlmRBvcvFE5BB1HZKXtSFASDhdlz9zOYwxh8lDdnvmMOe/+5cdoEdg==
  dependencies:
    delayed-stream "~1.0.0"

combined-stream@~0.0.4:
  version "0.0.7"
  resolved "https://npm.staging.nxdev.nl/combined-stream/-/combined-stream-0.0.7.tgz#0137e657baa5a7541c57ac37ac5fc07d73b4dc1f"
  integrity sha1-ATfmV7qlp1QcV6w3rF/AfXO03B8=
  dependencies:
    delayed-stream "0.0.5"

concat-stream@^1.4.7:
  version "1.6.2"
  resolved "https://npm.staging.nxdev.nl/concat-stream/-/concat-stream-1.6.2.tgz#904bdf194cd3122fc675c77fc4ac3d4ff0fd1a34"
  integrity sha512-27HBghJxjiZtIk3Ycvn/4kbJk/1uZuJFfuPEns6LaEvpvG1f0hTea8lilrouyo9mVc2GWdcEZ8OLoGmSADlrCw==
  dependencies:
    buffer-from "^1.0.0"
    inherits "^2.0.3"
    readable-stream "^2.2.2"
    typedarray "^0.0.6"

core-util-is@1.0.2, core-util-is@~1.0.0:
  version "1.0.2"
  resolved "https://npm.staging.nxdev.nl/core-util-is/-/core-util-is-1.0.2.tgz#b5fd54220aa2bc5ab57aab7140c940754503c1a7"
  integrity sha1-tf1UIgqivFq1eqtxQMlAdUUDwac=

css-select@~1.2.0:
  version "1.2.0"
  resolved "https://npm.staging.nxdev.nl/css-select/-/css-select-1.2.0.tgz#2b3a110539c5355f1cd8d314623e870b121ec858"
  integrity sha1-KzoRBTnFNV8c2NMUYj6HCxIeyFg=
  dependencies:
    boolbase "~1.0.0"
    css-what "2.1"
    domutils "1.5.1"
    nth-check "~1.0.1"

css-what@2.1:
  version "2.1.3"
  resolved "https://npm.staging.nxdev.nl/css-what/-/css-what-2.1.3.tgz#a6d7604573365fe74686c3f311c56513d88285f2"
  integrity sha512-a+EPoD+uZiNfh+5fxw2nO9QwFa6nJe2Or35fGY6Ipw1R3R4AGz1d1TEZrCegvw2YTmZ0jXirGYlzxxpYSHwpEg==

cssom@0.3.x, "cssom@>= 0.3.0 < 0.4.0":
  version "0.3.8"
  resolved "https://npm.staging.nxdev.nl/cssom/-/cssom-0.3.8.tgz#9f1276f5b2b463f2114d3f2c75250af8c1a36f4a"
  integrity sha512-b0tGHbfegbhPJpxpiBPU2sCkigAqtM9O121le6bbOlgyV+NyGyCmVfJ6QW9eRjz8CpNfWEOYBIMIGRYkLwsIYg==

"cssstyle@>= 0.2.29 < 0.3.0":
  version "0.2.37"
  resolved "https://npm.staging.nxdev.nl/cssstyle/-/cssstyle-0.2.37.tgz#541097234cb2513c83ceed3acddc27ff27987d54"
  integrity sha1-VBCXI0yyUTyDzu06zdwn/yeYfVQ=
  dependencies:
    cssom "0.3.x"

dashdash@^1.12.0:
  version "1.14.1"
  resolved "https://npm.staging.nxdev.nl/dashdash/-/dashdash-1.14.1.tgz#853cfa0f7cbe2fed5de20326b8dd581035f6e2f0"
  integrity sha1-hTz6D3y+L+1d4gMmuN1YEDX24vA=
  dependencies:
    assert-plus "^1.0.0"

debug@2.6.9:
  version "2.6.9"
  resolved "https://registry.yarnpkg.com/debug/-/debug-2.6.9.tgz#5d128515df134ff327e90a4c93f4e077a536341f"
  integrity sha512-bC7ElrdJaJnPbAP+1EotYvqZsb3ecl5wi6Bfi6BJTUcNowp6cvspg0jXznRTKDjm/E7AdgFBVeAPVMNcKGsHMA==
  dependencies:
    ms "2.0.0"

deep-is@~0.1.3:
  version "0.1.3"
  resolved "https://npm.staging.nxdev.nl/deep-is/-/deep-is-0.1.3.tgz#b369d6fb5dbc13eecf524f91b070feedc357cf34"
  integrity sha1-s2nW+128E+7PUk+RsHD+7cNXzzQ=

delayed-stream@0.0.5:
  version "0.0.5"
  resolved "https://npm.staging.nxdev.nl/delayed-stream/-/delayed-stream-0.0.5.tgz#d4b1f43a93e8296dfe02694f4680bc37a313c73f"
  integrity sha1-1LH0OpPoKW3+AmlPRoC8N6MTxz8=

delayed-stream@~1.0.0:
  version "1.0.0"
  resolved "https://npm.staging.nxdev.nl/delayed-stream/-/delayed-stream-1.0.0.tgz#df3ae199acadfb7d440aaae0b29e2272b24ec619"
  integrity sha1-3zrhmayt+31ECqrgsp4icrJOxhk=

depd@~2.0.0:
  version "2.0.0"
  resolved "https://registry.yarnpkg.com/depd/-/depd-2.0.0.tgz#b696163cc757560d09cf22cc8fad1571b79e76df"
  integrity sha512-g7nH6P6dyDioJogAAGprGpCtVImJhpPk/roCzdb3fIh61/s/nPsfR6onyMwkCAR/OlC3yBC0lESvUoQEAssIrw==

dom-serializer@0:
  version "0.2.1"
  resolved "https://npm.staging.nxdev.nl/dom-serializer/-/dom-serializer-0.2.1.tgz#13650c850daffea35d8b626a4cfc4d3a17643fdb"
  integrity sha512-sK3ujri04WyjwQXVoK4PU3y8ula1stq10GJZpqHIUgoGZdsGzAGu65BnU3d08aTVSvO7mGPZUc0wTEDL+qGE0Q==
  dependencies:
    domelementtype "^2.0.1"
    entities "^2.0.0"

dom-serializer@~0.1.0:
  version "0.1.1"
  resolved "https://npm.staging.nxdev.nl/dom-serializer/-/dom-serializer-0.1.1.tgz#1ec4059e284babed36eec2941d4a970a189ce7c0"
  integrity sha512-l0IU0pPzLWSHBcieZbpOKgkIn3ts3vAh7ZuFyXNwJxJXk/c4Gwj9xaTJwIDVQCXawWD0qb3IzMGH5rglQaO0XA==
  dependencies:
    domelementtype "^1.3.0"
    entities "^1.1.1"

domelementtype@1, domelementtype@^1.3.0:
  version "1.3.1"
  resolved "https://npm.staging.nxdev.nl/domelementtype/-/domelementtype-1.3.1.tgz#d048c44b37b0d10a7f2a3d5fee3f4333d790481f"
  integrity sha512-BSKB+TSpMpFI/HOxCNr1O8aMOTZ8hT3pM3GQ0w/mWRmkhEDSFJkkyzz4XQsBV44BChwGkrDfMyjVD0eA2aFV3w==

domelementtype@^2.0.1:
  version "2.0.1"
  resolved "https://npm.staging.nxdev.nl/domelementtype/-/domelementtype-2.0.1.tgz#1f8bdfe91f5a78063274e803b4bdcedf6e94f94d"
  integrity sha512-5HOHUDsYZWV8FGWN0Njbr/Rn7f/eWSQi1v7+HsUVwXgn8nWWlL64zKDkS0n8ZmQ3mlWOMuXOnR+7Nx/5tMO5AQ==

domhandler@2.3:
  version "2.3.0"
  resolved "https://npm.staging.nxdev.nl/domhandler/-/domhandler-2.3.0.tgz#2de59a0822d5027fabff6f032c2b25a2a8abe738"
  integrity sha1-LeWaCCLVAn+r/28DLCsloqir5zg=
  dependencies:
    domelementtype "1"

domutils@1.5, domutils@1.5.1:
  version "1.5.1"
  resolved "https://npm.staging.nxdev.nl/domutils/-/domutils-1.5.1.tgz#dcd8488a26f563d61079e48c9f7b7e32373682cf"
  integrity sha1-3NhIiib1Y9YQeeSMn3t+Mjc2gs8=
  dependencies:
    dom-serializer "0"
    domelementtype "1"

ecc-jsbn@~0.1.1:
  version "0.1.2"
  resolved "https://npm.staging.nxdev.nl/ecc-jsbn/-/ecc-jsbn-0.1.2.tgz#3a83a904e54353287874c564b7549386849a98c9"
  integrity sha1-OoOpBOVDUyh4dMVkt1SThoSamMk=
  dependencies:
    jsbn "~0.1.0"
    safer-buffer "^2.1.0"

ee-first@1.1.1:
  version "1.1.1"
  resolved "https://registry.yarnpkg.com/ee-first/-/ee-first-1.1.1.tgz#590c61156b0ae2f4f0255732a158b266bc56b21d"
  integrity sha1-WQxhFWsK4vTwJVcyoViyZrxWsh0=

entities@1.0:
  version "1.0.0"
  resolved "https://npm.staging.nxdev.nl/entities/-/entities-1.0.0.tgz#b2987aa3821347fcde642b24fdfc9e4fb712bf26"
  integrity sha1-sph6o4ITR/zeZCsk/fyeT7cSvyY=

entities@^1.1.1, entities@~1.1.1:
  version "1.1.2"
  resolved "https://npm.staging.nxdev.nl/entities/-/entities-1.1.2.tgz#bdfa735299664dfafd34529ed4f8522a275fea56"
  integrity sha512-f2LZMYl1Fzu7YSBKg+RoROelpOaNrcGmE9AZubeDfrCEia483oW4MI4VyFd5VNHIgQ/7qm1I0wUHK1eJnn2y2w==

entities@^2.0.0:
  version "2.0.0"
  resolved "https://npm.staging.nxdev.nl/entities/-/entities-2.0.0.tgz#68d6084cab1b079767540d80e56a39b423e4abf4"
  integrity sha512-D9f7V0JSRwIxlRI2mjMqufDrRDnx8p+eEOz7aUM9SuvF8gsBzra0/6tbjl1m8eQHrZlYj6PxqE00hZ1SAIKPLw==

escape-regexp-component@^1.0.2:
  version "1.0.2"
  resolved "https://npm.staging.nxdev.nl/escape-regexp-component/-/escape-regexp-component-1.0.2.tgz#9c63b6d0b25ff2a88c3adbd18c5b61acc3b9faa2"
  integrity sha1-nGO20LJf8qiMOtvRjFthrMO5+qI=

escodegen@^1.6.1:
  version "1.12.0"
  resolved "https://npm.staging.nxdev.nl/escodegen/-/escodegen-1.12.0.tgz#f763daf840af172bb3a2b6dd7219c0e17f7ff541"
  integrity sha512-TuA+EhsanGcme5T3R0L80u4t8CpbXQjegRmf7+FPTJrtCTErXFeelblRgHQa1FofEzqYYJmJ/OqjTwREp9qgmg==
  dependencies:
    esprima "^3.1.3"
    estraverse "^4.2.0"
    esutils "^2.0.2"
    optionator "^0.8.1"
  optionalDependencies:
    source-map "~0.6.1"

esprima@^3.1.3:
  version "3.1.3"
  resolved "https://npm.staging.nxdev.nl/esprima/-/esprima-3.1.3.tgz#fdca51cee6133895e3c88d535ce49dbff62a4633"
  integrity sha1-/cpRzuYTOJXjyI1TXOSdv/YqRjM=

estraverse@^4.2.0:
  version "4.3.0"
  resolved "https://npm.staging.nxdev.nl/estraverse/-/estraverse-4.3.0.tgz#398ad3f3c5a24948be7725e83d11a7de28cdbd1d"
  integrity sha512-39nnKffWz8xN1BU/2c79n9nB9HDzo0niYUqx6xyqUnyoAnQyyWpOTdZEeiCch8BBu515t4wp9ZmgVfVhn9EBpw==

esutils@^2.0.2:
  version "2.0.3"
  resolved "https://npm.staging.nxdev.nl/esutils/-/esutils-2.0.3.tgz#74d2eb4de0b8da1293711910d50775b9b710ef64"
  integrity sha512-kVscqXk4OCp68SZ0dkgEKVi6/8ij300KBWTJq32P/dYeWTSwK41WyTxalN1eRmA5Z9UU/LX9D7FWSmV9SAYx6g==

extend@~3.0.2:
  version "3.0.2"
  resolved "https://npm.staging.nxdev.nl/extend/-/extend-3.0.2.tgz#f8b1136b4071fbd8eb140aff858b1019ec2915fa"
  integrity sha512-fjquC59cD7CyW6urNXK0FBufkZcoiGG80wTuPujX590cB5Ttln20E2UB4S/WARVqhXffZl2LNgS+gQdPIIim/g==

extsprintf@1.3.0:
  version "1.3.0"
  resolved "https://npm.staging.nxdev.nl/extsprintf/-/extsprintf-1.3.0.tgz#96918440e3041a7a414f8c52e3c574eb3c3e1e05"
  integrity sha1-lpGEQOMEGnpBT4xS48V06zw+HgU=

extsprintf@^1.2.0:
  version "1.4.0"
  resolved "https://npm.staging.nxdev.nl/extsprintf/-/extsprintf-1.4.0.tgz#e2689f8f356fad62cca65a3a91c5df5f9551692f"
  integrity sha1-4mifjzVvrWLMplo6kcXfX5VRaS8=

fast-deep-equal@^2.0.1:
  version "2.0.1"
  resolved "https://npm.staging.nxdev.nl/fast-deep-equal/-/fast-deep-equal-2.0.1.tgz#7b05218ddf9667bf7f370bf7fdb2cb15fdd0aa49"
  integrity sha1-ewUhjd+WZ79/Nwv3/bLLFf3Qqkk=

fast-json-stable-stringify@^2.0.0:
  version "2.0.0"
  resolved "https://npm.staging.nxdev.nl/fast-json-stable-stringify/-/fast-json-stable-stringify-2.0.0.tgz#d5142c0caee6b1189f87d3a76111064f86c8bbf2"
  integrity sha1-1RQsDK7msRifh9OnYREGT4bIu/I=

fast-levenshtein@~2.0.4:
  version "2.0.6"
  resolved "https://npm.staging.nxdev.nl/fast-levenshtein/-/fast-levenshtein-2.0.6.tgz#3d8a5c66883a16a30ca8643e851f19baa7797917"
  integrity sha1-PYpcZog6FqMMqGQ+hR8Zuqd5eRc=

forever-agent@~0.6.1:
  version "0.6.1"
  resolved "https://npm.staging.nxdev.nl/forever-agent/-/forever-agent-0.6.1.tgz#fbc71f0c41adeb37f96c577ad1ed42d8fdacca91"
  integrity sha1-+8cfDEGt6zf5bFd60e1C2P2sypE=

form-data@^0.2.0:
  version "0.2.0"
  resolved "https://npm.staging.nxdev.nl/form-data/-/form-data-0.2.0.tgz#26f8bc26da6440e299cbdcfb69035c4f77a6e466"
  integrity sha1-Jvi8JtpkQOKZy9z7aQNcT3em5GY=
  dependencies:
    async "~0.9.0"
    combined-stream "~0.0.4"
    mime-types "~2.0.3"

form-data@~2.3.2:
  version "2.3.3"
  resolved "https://npm.staging.nxdev.nl/form-data/-/form-data-2.3.3.tgz#dcce52c05f644f298c6a7ab936bd724ceffbf3a6"
  integrity sha512-1lLKB2Mu3aGP1Q/2eCOx0fNbRMe7XdwktwOruhfqqd0rIJWwN4Dh+E3hrPSlDCXnSR7UtZ1N38rVXm+6+MEhJQ==
  dependencies:
    asynckit "^0.4.0"
    combined-stream "^1.0.6"
    mime-types "^2.1.12"

getpass@^0.1.1:
  version "0.1.7"
  resolved "https://npm.staging.nxdev.nl/getpass/-/getpass-0.1.7.tgz#5eff8e3e684d569ae4cb2b1282604e8ba62149fa"
  integrity sha1-Xv+OPmhNVprkyysSgmBOi6YhSfo=
  dependencies:
    assert-plus "^1.0.0"

har-schema@^2.0.0:
  version "2.0.0"
  resolved "https://npm.staging.nxdev.nl/har-schema/-/har-schema-2.0.0.tgz#a94c2224ebcac04782a0d9035521f24735b7ec92"
  integrity sha1-qUwiJOvKwEeCoNkDVSHyRzW37JI=

har-validator@~5.1.0:
  version "5.1.3"
  resolved "https://npm.staging.nxdev.nl/har-validator/-/har-validator-5.1.3.tgz#1ef89ebd3e4996557675eed9893110dc350fa080"
  integrity sha512-sNvOCzEQNr/qrvJgc3UG/kD4QtlHycrzwS+6mfTrrSq97BvaYcPZZI1ZSqGSPR73Cxn4LKTD4PttRwfU7jWq5g==
  dependencies:
    ajv "^6.5.5"
    har-schema "^2.0.0"

htmlparser2@~3.8.1:
  version "3.8.3"
  resolved "https://npm.staging.nxdev.nl/htmlparser2/-/htmlparser2-3.8.3.tgz#996c28b191516a8be86501a7d79757e5c70c1068"
  integrity sha1-mWwosZFRaovoZQGn15dX5ccMEGg=
  dependencies:
    domelementtype "1"
    domhandler "2.3"
    domutils "1.5"
    entities "1.0"
    readable-stream "1.1"

http-signature@~1.2.0:
  version "1.2.0"
  resolved "https://npm.staging.nxdev.nl/http-signature/-/http-signature-1.2.0.tgz#9aecd925114772f3d95b65a60abb8f7c18fbace1"
  integrity sha1-muzZJRFHcvPZW2WmCruPfBj7rOE=
  dependencies:
    assert-plus "^1.0.0"
    jsprim "^1.2.2"
    sshpk "^1.7.0"

inherits@^2.0.3, inherits@~2.0.1, inherits@~2.0.3:
  version "2.0.4"
  resolved "https://npm.staging.nxdev.nl/inherits/-/inherits-2.0.4.tgz#0fa2c64f932917c3433a0ded55363aae37416b7c"
  integrity sha512-k/vGaX4/Yla3WzyMCvTQOXYeIHvqOKtnqBduzTHpzpQZzAskKMhZ2K+EnBiSM9zGSoIFeMpXKxa4dYeZIQqewQ==

is-isodate@0.0.1:
  version "0.0.1"
  resolved "https://npm.staging.nxdev.nl/is-isodate/-/is-isodate-0.0.1.tgz#4fe2e937d50f3ba68c7b69b0218008b624aa5036"
  integrity sha1-T+LpN9UPO6aMe2mwIYAItiSqUDY=

is-typedarray@~1.0.0:
  version "1.0.0"
  resolved "https://npm.staging.nxdev.nl/is-typedarray/-/is-typedarray-1.0.0.tgz#e479c80858df0c1b11ddda6940f96011fcda4a9a"
  integrity sha1-5HnICFjfDBsR3dppQPlgEfzaSpo=

is-url@^1.2.1:
  version "1.2.4"
  resolved "https://npm.staging.nxdev.nl/is-url/-/is-url-1.2.4.tgz#04a4df46d28c4cff3d73d01ff06abeb318a1aa52"
  integrity sha512-ITvGim8FhRiYe4IQ5uHSkj7pVaPDrCTkNd3yq3cV7iZAcJdHTUMPMEHcqSOy9xZ9qFenQCvi+2wjH9a1nXqHww==

isarray@0.0.1:
  version "0.0.1"
  resolved "https://npm.staging.nxdev.nl/isarray/-/isarray-0.0.1.tgz#8a18acfca9a8f4177e09abfc6038939b05d1eedf"
  integrity sha1-ihis/Kmo9Bd+Cav8YDiTmwXR7t8=

isarray@~1.0.0:
  version "1.0.0"
  resolved "https://npm.staging.nxdev.nl/isarray/-/isarray-1.0.0.tgz#bb935d48582cba168c06834957a54a3e07124f11"
  integrity sha1-u5NdSFgsuhaMBoNJV6VKPgcSTxE=

isstream@~0.1.2:
  version "0.1.2"
  resolved "https://npm.staging.nxdev.nl/isstream/-/isstream-0.1.2.tgz#47e63f7af55afa6f92e1500e690eb8b8529c099a"
  integrity sha1-R+Y/evVa+m+S4VAOaQ64uFKcCZo=

jsbn@~0.1.0:
  version "0.1.1"
  resolved "https://npm.staging.nxdev.nl/jsbn/-/jsbn-0.1.1.tgz#a5e654c2e5a2deb5f201d96cefbca80c0ef2f513"
  integrity sha1-peZUwuWi3rXyAdls77yoDA7y9RM=

jsdom@^7.0.2:
  version "7.2.2"
  resolved "https://npm.staging.nxdev.nl/jsdom/-/jsdom-7.2.2.tgz#40b402770c2bda23469096bee91ab675e3b1fc6e"
  integrity sha1-QLQCdwwr2iNGkJa+6Rq2deOx/G4=
  dependencies:
    abab "^1.0.0"
    acorn "^2.4.0"
    acorn-globals "^1.0.4"
    cssom ">= 0.3.0 < 0.4.0"
    cssstyle ">= 0.2.29 < 0.3.0"
    escodegen "^1.6.1"
    nwmatcher ">= 1.3.7 < 2.0.0"
    parse5 "^1.5.1"
    request "^2.55.0"
    sax "^1.1.4"
    symbol-tree ">= 3.1.0 < 4.0.0"
    tough-cookie "^2.2.0"
    webidl-conversions "^2.0.0"
    whatwg-url-compat "~0.6.5"
    xml-name-validator ">= 2.0.1 < 3.0.0"

json-schema-traverse@^0.4.1:
  version "0.4.1"
  resolved "https://npm.staging.nxdev.nl/json-schema-traverse/-/json-schema-traverse-0.4.1.tgz#69f6a87d9513ab8bb8fe63bdb0979c448e684660"
  integrity sha512-xbbCH5dCYU5T8LcEhhuh7HJ88HXuW3qsI3Y0zOZFKfZEHcpWiHU/Jxzk629Brsab/mMiHQti9wMP+845RPe3Vg==

json-schema@0.2.3:
  version "0.2.3"
  resolved "https://npm.staging.nxdev.nl/json-schema/-/json-schema-0.2.3.tgz#b480c892e59a2f05954ce727bd3f2a4e882f9e13"
  integrity sha1-tIDIkuWaLwWVTOcnvT8qTogvnhM=

json-stringify-safe@~5.0.1:
  version "5.0.1"
  resolved "https://npm.staging.nxdev.nl/json-stringify-safe/-/json-stringify-safe-5.0.1.tgz#1296a2d58fd45f19a0f6ce01d65701e2c735b6eb"
  integrity sha1-Epai1Y/UXxmg9s4B1lcB4sc1tus=

jsprim@^1.2.2:
  version "1.4.1"
  resolved "https://npm.staging.nxdev.nl/jsprim/-/jsprim-1.4.1.tgz#313e66bc1e5cc06e438bc1b7499c2e5c56acb6a2"
  integrity sha1-MT5mvB5cwG5Di8G3SZwuXFastqI=
  dependencies:
    assert-plus "1.0.0"
    extsprintf "1.3.0"
    json-schema "0.2.3"
    verror "1.10.0"

levn@~0.3.0:
  version "0.3.0"
  resolved "https://npm.staging.nxdev.nl/levn/-/levn-0.3.0.tgz#3b09924edf9f083c0490fdd4c0bc4421e04764ee"
  integrity sha1-OwmSTt+fCDwEkP3UwLxEIeBHZO4=
  dependencies:
    prelude-ls "~1.1.2"
    type-check "~0.3.2"

lodash@^4.1.0, lodash@^4.17.15, lodash@^4.17.19:
  version "4.17.19"
  resolved "https://registry.yarnpkg.com/lodash/-/lodash-4.17.19.tgz#e48ddedbe30b3321783c5b4301fbd353bc1e4a4b"
  integrity sha512-JNvd8XER9GQX0v2qJgsaN/mzFCNA5BRe/j8JN9d+tWyGLSodKQHKFicdwNYzWwI3wjRnaKPsGj1XkBjx/F96DQ==

"logger@file:../../logger":
  version "0.0.0"
  dependencies:
    morgan "^1.9.1"

make-error-cause@^1.0.1:
  version "1.2.2"
  resolved "https://npm.staging.nxdev.nl/make-error-cause/-/make-error-cause-1.2.2.tgz#df0388fcd0b37816dff0a5fb8108939777dcbc9d"
  integrity sha1-3wOI/NCzeBbf8KX7gQiTl3fcvJ0=
  dependencies:
    make-error "^1.2.0"

make-error@^1.2.0:
  version "1.3.5"
  resolved "https://npm.staging.nxdev.nl/make-error/-/make-error-1.3.5.tgz#efe4e81f6db28cadd605c70f29c831b58ef776c8"
  integrity sha512-c3sIjNUow0+8swNwVpqoH4YCShKNFkMaw6oH1mNS2haDZQqkeZFlHS3dhoeEbKKmJB4vXpJucU6oH75aDYeE9g==

metascraper@^1.0.0:
  version "1.0.7"
  resolved "https://npm.staging.nxdev.nl/metascraper/-/metascraper-1.0.7.tgz#2343f9108f34e4d2b55b7b4f543c96dfc52e1478"
  integrity sha512-UPGR9eGM4u6iS3oWNS/KQoHrfINz8N33a1astWECiLz9st6e1PUc7+sGyHvQuzXDzYvc+Qu0/TrzOWUNuw+Fcg==
  dependencies:
    cheerio "^0.20.0"
    chrono-node "^1.2.3"
    is-isodate "0.0.1"
    is-url "^1.2.1"
    popsicle "^6.2.0"
    to-title-case "^1.0.0"

mime-db@1.40.0:
  version "1.40.0"
  resolved "https://npm.staging.nxdev.nl/mime-db/-/mime-db-1.40.0.tgz#a65057e998db090f732a68f6c276d387d4126c32"
  integrity sha512-jYdeOMPy9vnxEqFRRo6ZvTZ8d9oPb+k18PKoYNYUe2stVEBPPwsln/qWzdbmaIvnhZ9v2P+CuecK+fpUfsV2mA==

mime-db@~1.12.0:
  version "1.12.0"
  resolved "https://npm.staging.nxdev.nl/mime-db/-/mime-db-1.12.0.tgz#3d0c63180f458eb10d325aaa37d7c58ae312e9d7"
  integrity sha1-PQxjGA9FjrENMlqqN9fFiuMS6dc=

mime-types@^2.1.12, mime-types@~2.1.19:
  version "2.1.24"
  resolved "https://npm.staging.nxdev.nl/mime-types/-/mime-types-2.1.24.tgz#b6f8d0b3e951efb77dedeca194cff6d16f676f81"
  integrity sha512-WaFHS3MCl5fapm3oLxU4eYDw77IQM2ACcxQ9RIxfaC3ooc6PFuBMGZZsYpvoXS5D5QTWPieo1jjLdAm3TBP3cQ==
  dependencies:
    mime-db "1.40.0"

mime-types@~2.0.3:
  version "2.0.14"
  resolved "https://npm.staging.nxdev.nl/mime-types/-/mime-types-2.0.14.tgz#310e159db23e077f8bb22b748dabfa4957140aa6"
  integrity sha1-MQ4VnbI+B3+Lsit0jav6SVcUCqY=
  dependencies:
    mime-db "~1.12.0"

moment@2.21.0:
  version "2.21.0"
  resolved "https://npm.staging.nxdev.nl/moment/-/moment-2.21.0.tgz#2a114b51d2a6ec9e6d83cf803f838a878d8a023a"
  integrity sha512-TCZ36BjURTeFTM/CwRcViQlfkMvL1/vFISuNLO5GkcVm1+QHfbSiNqZuWeMFjj1/3+uAjXswgRk30j1kkLYJBQ==

morgan@^1.9.1:
  version "1.10.0"
  resolved "https://registry.yarnpkg.com/morgan/-/morgan-1.10.0.tgz#091778abc1fc47cd3509824653dae1faab6b17d7"
  integrity sha512-AbegBVI4sh6El+1gNwvD5YIck7nSA36weD7xvIxG4in80j/UoK8AEGaWnnz8v1GxonMCltmlNs5ZKbGvl9b1XQ==
  dependencies:
    basic-auth "~2.0.1"
    debug "2.6.9"
    depd "~2.0.0"
    on-finished "~2.3.0"
    on-headers "~1.0.2"

ms@2.0.0:
  version "2.0.0"
  resolved "https://registry.yarnpkg.com/ms/-/ms-2.0.0.tgz#5608aeadfc00be6c2901df5f9861788de0d597c8"
  integrity sha1-VgiurfwAvmwpAd9fmGF4jeDVl8g=

nth-check@~1.0.1:
  version "1.0.2"
  resolved "https://npm.staging.nxdev.nl/nth-check/-/nth-check-1.0.2.tgz#b2bd295c37e3dd58a3bf0700376663ba4d9cf05c"
  integrity sha512-WeBOdju8SnzPN5vTUJYxYUxLeXpCaVP5i5e0LF8fg7WORF2Wd7wFX/pk0tYZk7s8T+J7VLy0Da6J1+wCT0AtHg==
  dependencies:
    boolbase "~1.0.0"

"nwmatcher@>= 1.3.7 < 2.0.0":
  version "1.4.4"
  resolved "https://npm.staging.nxdev.nl/nwmatcher/-/nwmatcher-1.4.4.tgz#2285631f34a95f0d0395cd900c96ed39b58f346e"
  integrity sha512-3iuY4N5dhgMpCUrOVnuAdGrgxVqV2cJpM+XNccjR2DKOB1RUP0aA+wGXEiNziG/UKboFyGBIoKOaNlJxx8bciQ==

oauth-sign@~0.9.0:
  version "0.9.0"
  resolved "https://npm.staging.nxdev.nl/oauth-sign/-/oauth-sign-0.9.0.tgz#47a7b016baa68b5fa0ecf3dee08a85c679ac6455"
  integrity sha512-fexhUFFPTGV8ybAtSIGbV6gOkSv8UtRbDBnAyLQw4QPKkgNlsH2ByPGtMUqdWkos6YCRmAqViwgZrJc/mRDzZQ==

on-finished@~2.3.0:
  version "2.3.0"
  resolved "https://registry.yarnpkg.com/on-finished/-/on-finished-2.3.0.tgz#20f1336481b083cd75337992a16971aa2d906947"
  integrity sha1-IPEzZIGwg811M3mSoWlxqi2QaUc=
  dependencies:
    ee-first "1.1.1"

on-headers@~1.0.2:
  version "1.0.2"
  resolved "https://registry.yarnpkg.com/on-headers/-/on-headers-1.0.2.tgz#772b0ae6aaa525c399e489adfad90c403eb3c28f"
  integrity sha512-pZAE+FJLoyITytdqK0U5s+FIpjN0JP3OzFi/u8Rx+EV5/W+JTWGXG8xFzevE7AjBfDqHv/8vL8qQsIhHnqRkrA==

optionator@^0.8.1:
  version "0.8.2"
  resolved "https://npm.staging.nxdev.nl/optionator/-/optionator-0.8.2.tgz#364c5e409d3f4d6301d6c0b4c05bba50180aeb64"
  integrity sha1-NkxeQJ0/TWMB1sC0wFu6UBgK62Q=
  dependencies:
    deep-is "~0.1.3"
    fast-levenshtein "~2.0.4"
    levn "~0.3.0"
    prelude-ls "~1.1.2"
    type-check "~0.3.2"
    wordwrap "~1.0.0"

parse5@^1.5.1:
  version "1.5.1"
  resolved "https://npm.staging.nxdev.nl/parse5/-/parse5-1.5.1.tgz#9b7f3b0de32be78dc2401b17573ccaf0f6f59d94"
  integrity sha1-m387DeMr543CQBsXVzzK8Pb1nZQ=

performance-now@^2.1.0:
  version "2.1.0"
  resolved "https://npm.staging.nxdev.nl/performance-now/-/performance-now-2.1.0.tgz#6309f4e0e5fa913ec1c69307ae364b4b377c9e7b"
  integrity sha1-Ywn04OX6kT7BxpMHrjZLSzd8nns=

popsicle@^6.2.0:
  version "6.2.2"
  resolved "https://npm.staging.nxdev.nl/popsicle/-/popsicle-6.2.2.tgz#e273c8bd48181f73a59b199e2a5e25b692b3e237"
  integrity sha1-4nPIvUgYH3OlmxmeKl4ltpKz4jc=
  dependencies:
    any-promise "^1.3.0"
    arrify "^1.0.0"
    concat-stream "^1.4.7"
    form-data "^0.2.0"
    make-error-cause "^1.0.1"
    throwback "^1.1.0"
    tough-cookie "^2.0.0"
    xtend "^4.0.0"

prelude-ls@~1.1.2:
  version "1.1.2"
  resolved "https://npm.staging.nxdev.nl/prelude-ls/-/prelude-ls-1.1.2.tgz#21932a549f5e52ffd9a827f570e04be62a97da54"
  integrity sha1-IZMqVJ9eUv/ZqCf1cOBL5iqX2lQ=

process-nextick-args@~2.0.0:
  version "2.0.1"
  resolved "https://npm.staging.nxdev.nl/process-nextick-args/-/process-nextick-args-2.0.1.tgz#7820d9b16120cc55ca9ae7792680ae7dba6d7fe2"
  integrity sha512-3ouUOpQhtgrbOa17J7+uxOTpITYWaGP7/AhoR3+A+/1e9skrzelGi/dXzEYyvbxubEF6Wn2ypscTKiKJFFn1ag==

psl@^1.1.24, psl@^1.1.28:
  version "1.4.0"
  resolved "https://npm.staging.nxdev.nl/psl/-/psl-1.4.0.tgz#5dd26156cdb69fa1fdb8ab1991667d3f80ced7c2"
  integrity sha512-HZzqCGPecFLyoRj5HLfuDSKYTJkAfB5thKBIkRHtGjWwY7p1dAyveIbXIq4tO0KYfDF2tHqPUgY9SDnGm00uFw==

punycode@^1.4.1:
  version "1.4.1"
  resolved "https://npm.staging.nxdev.nl/punycode/-/punycode-1.4.1.tgz#c0d5a63b2718800ad8e1eb0fa5269c84dd41845e"
  integrity sha1-wNWmOycYgArY4esPpSachN1BhF4=

punycode@^2.1.0, punycode@^2.1.1:
  version "2.1.1"
  resolved "https://npm.staging.nxdev.nl/punycode/-/punycode-2.1.1.tgz#b58b010ac40c22c5657616c8d2c2c02c7bf479ec"
  integrity sha512-XRsRjdf+j5ml+y/6GKHPZbrF/8p2Yga0JPtdqTIY2Xe5ohJPD9saDJJLPvp9+NSBprVvevdXZybnj2cv8OEd0A==

qs@~6.5.2:
  version "6.5.2"
  resolved "https://npm.staging.nxdev.nl/qs/-/qs-6.5.2.tgz#cb3ae806e8740444584ef154ce8ee98d403f3e36"
  integrity sha512-N5ZAX4/LxJmF+7wN74pUD6qAh9/wnvdQcjq9TZjevvXzSUo7bfmw91saqMjzGS2xq91/odN2dW/WOl7qQHNDGA==

readable-stream@1.1:
  version "1.1.13"
  resolved "https://npm.staging.nxdev.nl/readable-stream/-/readable-stream-1.1.13.tgz#f6eef764f514c89e2b9e23146a75ba106756d23e"
  integrity sha1-9u73ZPUUyJ4rniMUanW6EGdW0j4=
  dependencies:
    core-util-is "~1.0.0"
    inherits "~2.0.1"
    isarray "0.0.1"
    string_decoder "~0.10.x"

readable-stream@^2.2.2:
  version "2.3.6"
  resolved "https://npm.staging.nxdev.nl/readable-stream/-/readable-stream-2.3.6.tgz#b11c27d88b8ff1fbe070643cf94b0c79ae1b0aaf"
  integrity sha512-tQtKA9WIAhBF3+VLAseyMqZeBjW0AHJoxOtYqSUZNJxauErmLbVm2FW1y+J/YA9dUrAC39ITejlZWhVIwawkKw==
  dependencies:
    core-util-is "~1.0.0"
    inherits "~2.0.3"
    isarray "~1.0.0"
    process-nextick-args "~2.0.0"
    safe-buffer "~5.1.1"
    string_decoder "~1.1.1"
    util-deprecate "~1.0.1"

request-promise-core@1.1.3:
  version "1.1.3"
  resolved "https://npm.staging.nxdev.nl/request-promise-core/-/request-promise-core-1.1.3.tgz#e9a3c081b51380dfea677336061fea879a829ee9"
  integrity sha512-QIs2+ArIGQVp5ZYbWD5ZLCY29D5CfWizP8eWnm8FoGD1TX61veauETVQbrV60662V0oFBkrDOuaBI8XgtuyYAQ==
  dependencies:
    lodash "^4.17.15"

request-promise-native@^1.0.7:
  version "1.0.8"
  resolved "https://npm.staging.nxdev.nl/request-promise-native/-/request-promise-native-1.0.8.tgz#a455b960b826e44e2bf8999af64dff2bfe58cb36"
  integrity sha512-dapwLGqkHtwL5AEbfenuzjTYg35Jd6KPytsC2/TLkVMz8rm+tNt72MGUWT1RP/aYawMpN6HqbNGBQaRcBtjQMQ==
  dependencies:
    request-promise-core "1.1.3"
    stealthy-require "^1.1.1"
    tough-cookie "^2.3.3"

request@^2.55.0, request@^2.88.0:
  version "2.88.0"
  resolved "https://npm.staging.nxdev.nl/request/-/request-2.88.0.tgz#9c2fca4f7d35b592efe57c7f0a55e81052124fef"
  integrity sha512-NAqBSrijGLZdM0WZNsInLJpkJokL72XYjUpnB0iwsRgxh7dB6COrHnTBNwN0E+lHDAJzu7kLAkDeY08z2/A0hg==
  dependencies:
    aws-sign2 "~0.7.0"
    aws4 "^1.8.0"
    caseless "~0.12.0"
    combined-stream "~1.0.6"
    extend "~3.0.2"
    forever-agent "~0.6.1"
    form-data "~2.3.2"
    har-validator "~5.1.0"
    http-signature "~1.2.0"
    is-typedarray "~1.0.0"
    isstream "~0.1.2"
    json-stringify-safe "~5.0.1"
    mime-types "~2.1.19"
    oauth-sign "~0.9.0"
    performance-now "^2.1.0"
    qs "~6.5.2"
    safe-buffer "^5.1.2"
    tough-cookie "~2.4.3"
    tunnel-agent "^0.6.0"
    uuid "^3.3.2"

safe-buffer@5.1.2, safe-buffer@~5.1.0, safe-buffer@~5.1.1:
  version "5.1.2"
  resolved "https://registry.yarnpkg.com/safe-buffer/-/safe-buffer-5.1.2.tgz#991ec69d296e0313747d59bdfd2b745c35f8828d"
  integrity sha512-Gd2UZBJDkXlY7GbJxfsE8/nvKkUEU1G38c1siN6QP6a9PT9MmHB8GnpscSmMJSoF8LOIrt8ud/wPtojys4G6+g==

safe-buffer@^5.0.1, safe-buffer@^5.1.2:
  version "5.2.0"
  resolved "https://npm.staging.nxdev.nl/safe-buffer/-/safe-buffer-5.2.0.tgz#b74daec49b1148f88c64b68d49b1e815c1f2f519"
  integrity sha512-fZEwUGbVl7kouZs1jCdMLdt95hdIv0ZeHg6L7qPeciMZhZ+/gdesW4wgTARkrFWEpspjEATAzUGPG8N2jJiwbg==

safer-buffer@^2.0.2, safer-buffer@^2.1.0, safer-buffer@~2.1.0:
  version "2.1.2"
  resolved "https://npm.staging.nxdev.nl/safer-buffer/-/safer-buffer-2.1.2.tgz#44fa161b0187b9549dd84bb91802f9bd8385cd6a"
  integrity sha512-YZo3K82SD7Riyi0E1EQPojLz7kpepnSQI9IyPbHHg1XXXevb5dJI7tpyN2ADxGcQbHG7vcyRHk0cbwqcQriUtg==

sax@^1.1.4:
  version "1.2.4"
  resolved "https://npm.staging.nxdev.nl/sax/-/sax-1.2.4.tgz#2816234e2378bddc4e5354fab5caa895df7100d9"
  integrity sha512-NqVDv9TpANUjFm0N8uM5GxL36UgKi9/atZw+x7YFnQ8ckwFGKrl4xX4yWtrey3UJm5nP1kUbnYgLopqWNSRhWw==

source-map@~0.6.1:
  version "0.6.1"
  resolved "https://npm.staging.nxdev.nl/source-map/-/source-map-0.6.1.tgz#74722af32e9614e9c287a8d0bbde48b5e2f1a263"
  integrity sha512-UjgapumWlbMhkBgzT7Ykc5YXUT46F0iKu8SGXq0bcwP5dz/h0Plj6enJqjz1Zbq2l5WaqYnrVbwWOWMyF3F47g==

sshpk@^1.7.0:
  version "1.16.1"
  resolved "https://npm.staging.nxdev.nl/sshpk/-/sshpk-1.16.1.tgz#fb661c0bef29b39db40769ee39fa70093d6f6877"
  integrity sha512-HXXqVUq7+pcKeLqqZj6mHFUMvXtOJt1uoUx09pFW6011inTMxqI8BA8PM95myrIyyKwdnzjdFjLiE6KBPVtJIg==
  dependencies:
    asn1 "~0.2.3"
    assert-plus "^1.0.0"
    bcrypt-pbkdf "^1.0.0"
    dashdash "^1.12.0"
    ecc-jsbn "~0.1.1"
    getpass "^0.1.1"
    jsbn "~0.1.0"
    safer-buffer "^2.0.2"
    tweetnacl "~0.14.0"

stealthy-require@^1.1.1:
  version "1.1.1"
  resolved "https://npm.staging.nxdev.nl/stealthy-require/-/stealthy-require-1.1.1.tgz#35b09875b4ff49f26a777e509b3090a3226bf24b"
  integrity sha1-NbCYdbT/SfJqd35QmzCQoyJr8ks=

string_decoder@~0.10.x:
  version "0.10.31"
  resolved "https://npm.staging.nxdev.nl/string_decoder/-/string_decoder-0.10.31.tgz#62e203bc41766c6c28c9fc84301dab1c5310fa94"
  integrity sha1-YuIDvEF2bGwoyfyEMB2rHFMQ+pQ=

string_decoder@~1.1.1:
  version "1.1.1"
  resolved "https://npm.staging.nxdev.nl/string_decoder/-/string_decoder-1.1.1.tgz#9cf1611ba62685d7030ae9e4ba34149c3af03fc8"
  integrity sha512-n/ShnvDi6FHbbVfviro+WojiFzv+s8MPMHBczVePfUpDJLwoLT0ht1l4YwBCbi8pJAveEEdnkHyPyTP/mzRfwg==
  dependencies:
    safe-buffer "~5.1.0"

"symbol-tree@>= 3.1.0 < 4.0.0":
  version "3.2.4"
  resolved "https://npm.staging.nxdev.nl/symbol-tree/-/symbol-tree-3.2.4.tgz#430637d248ba77e078883951fb9aa0eed7c63fa2"
  integrity sha512-9QNk5KwDF+Bvz+PyObkmSYjI5ksVUYtjW7AU22r2NKcfLJcXp96hkDWU3+XndOsUb+AQ9QhfzfCT2O+CNWT5Tw==

throwback@^1.1.0:
  version "1.1.1"
  resolved "https://npm.staging.nxdev.nl/throwback/-/throwback-1.1.1.tgz#f007e7c17604a6d16d7a07c41aa0e8fedc6184a4"
  integrity sha1-8AfnwXYEptFtegfEGqDo/txhhKQ=
  dependencies:
    any-promise "^1.3.0"

title-case-minors@^1.0.0:
  version "1.0.0"
  resolved "https://npm.staging.nxdev.nl/title-case-minors/-/title-case-minors-1.0.0.tgz#51f17037c294747a1d1cda424b5004c86d8eb115"
  integrity sha1-UfFwN8KUdHodHNpCS1AEyG2OsRU=

to-capital-case@^1.0.0:
  version "1.0.0"
  resolved "https://npm.staging.nxdev.nl/to-capital-case/-/to-capital-case-1.0.0.tgz#a57c5014fd5a37217cf05099ff8a421bbf9c9b7f"
  integrity sha1-pXxQFP1aNyF88FCZ/4pCG7+cm38=
  dependencies:
    to-space-case "^1.0.0"

to-no-case@^1.0.0:
  version "1.0.2"
  resolved "https://npm.staging.nxdev.nl/to-no-case/-/to-no-case-1.0.2.tgz#c722907164ef6b178132c8e69930212d1b4aa16a"
  integrity sha1-xyKQcWTvaxeBMsjmmTAhLRtKoWo=

to-sentence-case@^1.0.0:
  version "1.0.0"
  resolved "https://npm.staging.nxdev.nl/to-sentence-case/-/to-sentence-case-1.0.0.tgz#c483bf3647737e5c738ef7006fe360d5f99c572e"
  integrity sha1-xIO/NkdzflxzjvcAb+Ng1fmcVy4=
  dependencies:
    to-no-case "^1.0.0"

to-space-case@^1.0.0:
  version "1.0.0"
  resolved "https://npm.staging.nxdev.nl/to-space-case/-/to-space-case-1.0.0.tgz#b052daafb1b2b29dc770cea0163e5ec0ebc9fc17"
  integrity sha1-sFLar7Gysp3HcM6gFj5ewOvJ/Bc=
  dependencies:
    to-no-case "^1.0.0"

to-title-case@^1.0.0:
  version "1.0.0"
  resolved "https://npm.staging.nxdev.nl/to-title-case/-/to-title-case-1.0.0.tgz#aca88f89d6064de50108a97cea0db44827e80061"
  integrity sha1-rKiPidYGTeUBCKl86g20SCfoAGE=
  dependencies:
    escape-regexp-component "^1.0.2"
    title-case-minors "^1.0.0"
    to-capital-case "^1.0.0"
    to-sentence-case "^1.0.0"

tough-cookie@^2.0.0, tough-cookie@^2.2.0, tough-cookie@^2.3.3:
  version "2.5.0"
  resolved "https://npm.staging.nxdev.nl/tough-cookie/-/tough-cookie-2.5.0.tgz#cd9fb2a0aa1d5a12b473bd9fb96fa3dcff65ade2"
  integrity sha512-nlLsUzgm1kfLXSXfRZMc1KLAugd4hqJHDTvc2hDIwS3mZAfMEuMbc03SujMF+GEcpaX/qboeycw6iO8JwVv2+g==
  dependencies:
    psl "^1.1.28"
    punycode "^2.1.1"

tough-cookie@~2.4.3:
  version "2.4.3"
  resolved "https://npm.staging.nxdev.nl/tough-cookie/-/tough-cookie-2.4.3.tgz#53f36da3f47783b0925afa06ff9f3b165280f781"
  integrity sha512-Q5srk/4vDM54WJsJio3XNn6K2sCG+CQ8G5Wz6bZhRZoAe/+TxjWB/GlFAnYEbkYVlON9FMk/fE3h2RLpPXo4lQ==
  dependencies:
    psl "^1.1.24"
    punycode "^1.4.1"

tr46@~0.0.1:
  version "0.0.3"
  resolved "https://npm.staging.nxdev.nl/tr46/-/tr46-0.0.3.tgz#8184fd347dac9cdc185992f3a6622e14b9d9ab6a"
  integrity sha1-gYT9NH2snNwYWZLzpmIuFLnZq2o=

tunnel-agent@^0.6.0:
  version "0.6.0"
  resolved "https://npm.staging.nxdev.nl/tunnel-agent/-/tunnel-agent-0.6.0.tgz#27a5dea06b36b04a0a9966774b290868f0fc40fd"
  integrity sha1-J6XeoGs2sEoKmWZ3SykIaPD8QP0=
  dependencies:
    safe-buffer "^5.0.1"

tweetnacl@^0.14.3, tweetnacl@~0.14.0:
  version "0.14.5"
  resolved "https://npm.staging.nxdev.nl/tweetnacl/-/tweetnacl-0.14.5.tgz#5ae68177f192d4456269d108afa93ff8743f4f64"
  integrity sha1-WuaBd/GS1EViadEIr6k/+HQ/T2Q=

type-check@~0.3.2:
  version "0.3.2"
  resolved "https://npm.staging.nxdev.nl/type-check/-/type-check-0.3.2.tgz#5884cab512cf1d355e3fb784f30804b2b520db72"
  integrity sha1-WITKtRLPHTVeP7eE8wgEsrUg23I=
  dependencies:
    prelude-ls "~1.1.2"

typedarray@^0.0.6:
  version "0.0.6"
  resolved "https://npm.staging.nxdev.nl/typedarray/-/typedarray-0.0.6.tgz#867ac74e3864187b1d3d47d996a78ec5c8830777"
  integrity sha1-hnrHTjhkGHsdPUfZlqeOxciDB3c=

uri-js@^4.2.2:
  version "4.2.2"
  resolved "https://npm.staging.nxdev.nl/uri-js/-/uri-js-4.2.2.tgz#94c540e1ff772956e2299507c010aea6c8838eb0"
  integrity sha512-KY9Frmirql91X2Qgjry0Wd4Y+YTdrdZheS8TFwvkbLWf/G5KNJDCh6pKL5OZctEW4+0Baa5idK2ZQuELRwPznQ==
  dependencies:
    punycode "^2.1.0"

util-deprecate@~1.0.1:
  version "1.0.2"
  resolved "https://npm.staging.nxdev.nl/util-deprecate/-/util-deprecate-1.0.2.tgz#450d4dc9fa70de732762fbd2d4a28981419a0ccf"
  integrity sha1-RQ1Nyfpw3nMnYvvS1KKJgUGaDM8=

uuid@^3.3.2:
  version "3.3.3"
  resolved "https://npm.staging.nxdev.nl/uuid/-/uuid-3.3.3.tgz#4568f0216e78760ee1dbf3a4d2cf53e224112866"
  integrity sha512-pW0No1RGHgzlpHJO1nsVrHKpOEIxkGg1xB+v0ZmdNH5OAeAwzAVrCnI2/6Mtx+Uys6iaylxa+D3g4j63IKKjSQ==

verror@1.10.0:
  version "1.10.0"
  resolved "https://npm.staging.nxdev.nl/verror/-/verror-1.10.0.tgz#3a105ca17053af55d6e270c1f8288682e18da400"
  integrity sha1-OhBcoXBTr1XW4nDB+CiGguGNpAA=
  dependencies:
    assert-plus "^1.0.0"
    core-util-is "1.0.2"
    extsprintf "^1.2.0"

webidl-conversions@^2.0.0:
  version "2.0.1"
  resolved "https://npm.staging.nxdev.nl/webidl-conversions/-/webidl-conversions-2.0.1.tgz#3bf8258f7d318c7443c36f2e169402a1a6703506"
  integrity sha1-O/glj30xjHRDw28uFpQCoaZwNQY=

whatwg-url-compat@~0.6.5:
  version "0.6.5"
  resolved "https://npm.staging.nxdev.nl/whatwg-url-compat/-/whatwg-url-compat-0.6.5.tgz#00898111af689bb097541cd5a45ca6c8798445bf"
  integrity sha1-AImBEa9om7CXVBzVpFymyHmERb8=
  dependencies:
    tr46 "~0.0.1"

wordwrap@~1.0.0:
  version "1.0.0"
  resolved "https://npm.staging.nxdev.nl/wordwrap/-/wordwrap-1.0.0.tgz#27584810891456a4171c8d0226441ade90cbcaeb"
  integrity sha1-J1hIEIkUVqQXHI0CJkQa3pDLyus=

"xml-name-validator@>= 2.0.1 < 3.0.0":
  version "2.0.1"
  resolved "https://npm.staging.nxdev.nl/xml-name-validator/-/xml-name-validator-2.0.1.tgz#4d8b8f1eccd3419aa362061becef515e1e559635"
  integrity sha1-TYuPHszTQZqjYgYb7O9RXh5VljU=

xtend@^4.0.0:
  version "4.0.2"
  resolved "https://npm.staging.nxdev.nl/xtend/-/xtend-4.0.2.tgz#bb72779f5fa465186b1f438f674fa347fdb5db54"
  integrity sha512-LKYU1iAXJXUgAXn9URjiu+MWhyUXHsvfp7mcuYm9dSUKK0/CjtrUwFAxD82/mCWbtLsGjFIad0wIsod4zrTAEQ==
